// !$*UTF8*$!
{
	archiveVersion = 1;
	classes = {
	};
	objectVersion = 50;
	objects = {

/* Begin PBXBuildFile section */
		3A4282BD289D7F05001BFCCA /* RuntimeViewController.m in Sources */ = {isa = PBXBuildFile; fileRef = 3A4282BB289D7F05001BFCCA /* RuntimeViewController.m */; };
		3A4282BE289D7F05001BFCCA /* RuntimeViewController.xib in Resources */ = {isa = PBXBuildFile; fileRef = 3A4282BC289D7F05001BFCCA /* RuntimeViewController.xib */; };
		3A57C42A29B9B18600FA01DC /* NewImp.m in Sources */ = {isa = PBXBuildFile; fileRef = 3A57C42929B9B18600FA01DC /* NewImp.m */; };
		3A57C43129B9BB4600FA01DC /* MyNavgationController.m in Sources */ = {isa = PBXBuildFile; fileRef = 3A57C43029B9BB4600FA01DC /* MyNavgationController.m */; };
		3AEF9DA1289EEFD200ACB99A /* MsgSendViewController.m in Sources */ = {isa = PBXBuildFile; fileRef = 3AEF9D9F289EEFD200ACB99A /* MsgSendViewController.m */; };
		3AEF9DA2289EEFD200ACB99A /* MsgSendViewController.xib in Resources */ = {isa = PBXBuildFile; fileRef = 3AEF9DA0289EEFD200ACB99A /* MsgSendViewController.xib */; };
		3AEF9DA5289EF0AF00ACB99A /* MyTabBarController.m in Sources */ = {isa = PBXBuildFile; fileRef = 3AEF9DA4289EF0AF00ACB99A /* MyTabBarController.m */; };
		CE28CAA02341C2FE00444FCD /* AppDelegate.m in Sources */ = {isa = PBXBuildFile; fileRef = CE28CA9F2341C2FE00444FCD /* AppDelegate.m */; };
		CE28CAAB2341C30000444FCD /* Assets.xcassets in Resources */ = {isa = PBXBuildFile; fileRef = CE28CAAA2341C30000444FCD /* Assets.xcassets */; };
		CE28CAAE2341C30000444FCD /* LaunchScreen.storyboard in Resources */ = {isa = PBXBuildFile; fileRef = CE28CAAC2341C30000444FCD /* LaunchScreen.storyboard */; };
		CE28CAB12341C30000444FCD /* main.m in Sources */ = {isa = PBXBuildFile; fileRef = CE28CAB02341C30000444FCD /* main.m */; };
		CE28CABA2343067600444FCD /* Person.m in Sources */ = {isa = PBXBuildFile; fileRef = CE28CAB92343067600444FCD /* Person.m */; };
/* End PBXBuildFile section */

/* Begin PBXFileReference section */
		3A4282BA289D7F05001BFCCA /* RuntimeViewController.h */ = {isa = PBXFileReference; lastKnownFileType = sourcecode.c.h; path = RuntimeViewController.h; sourceTree = "<group>"; };
		3A4282BB289D7F05001BFCCA /* RuntimeViewController.m */ = {isa = PBXFileReference; lastKnownFileType = sourcecode.c.objc; path = RuntimeViewController.m; sourceTree = "<group>"; };
		3A4282BC289D7F05001BFCCA /* RuntimeViewController.xib */ = {isa = PBXFileReference; lastKnownFileType = file.xib; path = RuntimeViewController.xib; sourceTree = "<group>"; };
		3A57C42829B9B18600FA01DC /* NewImp.h */ = {isa = PBXFileReference; lastKnownFileType = sourcecode.c.h; path = NewImp.h; sourceTree = "<group>"; };
		3A57C42929B9B18600FA01DC /* NewImp.m */ = {isa = PBXFileReference; lastKnownFileType = sourcecode.c.objc; path = NewImp.m; sourceTree = "<group>"; };
		3A57C42F29B9BB4600FA01DC /* MyNavgationController.h */ = {isa = PBXFileReference; fileEncoding = 4; lastKnownFileType = sourcecode.c.h; path = MyNavgationController.h; sourceTree = "<group>"; };
		3A57C43029B9BB4600FA01DC /* MyNavgationController.m */ = {isa = PBXFileReference; fileEncoding = 4; lastKnownFileType = sourcecode.c.objc; path = MyNavgationController.m; sourceTree = "<group>"; };
		3AEF9D9E289EEFD200ACB99A /* MsgSendViewController.h */ = {isa = PBXFileReference; lastKnownFileType = sourcecode.c.h; path = MsgSendViewController.h; sourceTree = "<group>"; };
		3AEF9D9F289EEFD200ACB99A /* MsgSendViewController.m */ = {isa = PBXFileReference; lastKnownFileType = sourcecode.c.objc; path = MsgSendViewController.m; sourceTree = "<group>"; };
		3AEF9DA0289EEFD200ACB99A /* MsgSendViewController.xib */ = {isa = PBXFileReference; lastKnownFileType = file.xib; path = MsgSendViewController.xib; sourceTree = "<group>"; };
		3AEF9DA3289EF0AF00ACB99A /* MyTabBarController.h */ = {isa = PBXFileReference; lastKnownFileType = sourcecode.c.h; path = MyTabBarController.h; sourceTree = "<group>"; };
		3AEF9DA4289EF0AF00ACB99A /* MyTabBarController.m */ = {isa = PBXFileReference; lastKnownFileType = sourcecode.c.objc; path = MyTabBarController.m; sourceTree = "<group>"; };
		CE28CA9B2341C2FE00444FCD /* Runtime.app */ = {isa = PBXFileReference; explicitFileType = wrapper.application; includeInIndex = 0; path = Runtime.app; sourceTree = BUILT_PRODUCTS_DIR; };
		CE28CA9E2341C2FE00444FCD /* AppDelegate.h */ = {isa = PBXFileReference; lastKnownFileType = sourcecode.c.h; path = AppDelegate.h; sourceTree = "<group>"; };
		CE28CA9F2341C2FE00444FCD /* AppDelegate.m */ = {isa = PBXFileReference; lastKnownFileType = sourcecode.c.objc; path = AppDelegate.m; sourceTree = "<group>"; };
		CE28CAAA2341C30000444FCD /* Assets.xcassets */ = {isa = PBXFileReference; lastKnownFileType = folder.assetcatalog; path = Assets.xcassets; sourceTree = "<group>"; };
		CE28CAAD2341C30000444FCD /* Base */ = {isa = PBXFileReference; lastKnownFileType = file.storyboard; name = Base; path = Base.lproj/LaunchScreen.storyboard; sourceTree = "<group>"; };
		CE28CAAF2341C30000444FCD /* Info.plist */ = {isa = PBXFileReference; lastKnownFileType = text.plist.xml; path = Info.plist; sourceTree = "<group>"; };
		CE28CAB02341C30000444FCD /* main.m */ = {isa = PBXFileReference; lastKnownFileType = sourcecode.c.objc; path = main.m; sourceTree = "<group>"; };
		CE28CAB82343067600444FCD /* Person.h */ = {isa = PBXFileReference; lastKnownFileType = sourcecode.c.h; path = Person.h; sourceTree = "<group>"; };
		CE28CAB92343067600444FCD /* Person.m */ = {isa = PBXFileReference; lastKnownFileType = sourcecode.c.objc; path = Person.m; sourceTree = "<group>"; };
/* End PBXFileReference section */

/* Begin PBXFrameworksBuildPhase section */
		CE28CA982341C2FE00444FCD /* Frameworks */ = {
			isa = PBXFrameworksBuildPhase;
			buildActionMask = 2147483647;
			files = (
			);
			runOnlyForDeploymentPostprocessing = 0;
		};
/* End PBXFrameworksBuildPhase section */

/* Begin PBXGroup section */
		3A57C42B29B9BB0B00FA01DC /* navigation */ = {
			isa = PBXGroup;
			children = (
				CE28CA9E2341C2FE00444FCD /* AppDelegate.h */,
				CE28CA9F2341C2FE00444FCD /* AppDelegate.m */,
				3A57C42F29B9BB4600FA01DC /* MyNavgationController.h */,
				3A57C43029B9BB4600FA01DC /* MyNavgationController.m */,
				3AEF9DA3289EF0AF00ACB99A /* MyTabBarController.h */,
				3AEF9DA4289EF0AF00ACB99A /* MyTabBarController.m */,
			);
			path = navigation;
			sourceTree = "<group>";
		};
		CE28CA922341C2FE00444FCD = {
			isa = PBXGroup;
			children = (
				CE28CA9D2341C2FE00444FCD /* Runtime */,
				CE28CA9C2341C2FE00444FCD /* Products */,
			);
			sourceTree = "<group>";
		};
		CE28CA9C2341C2FE00444FCD /* Products */ = {
			isa = PBXGroup;
			children = (
				CE28CA9B2341C2FE00444FCD /* Runtime.app */,
			);
			name = Products;
			sourceTree = "<group>";
		};
		CE28CA9D2341C2FE00444FCD /* Runtime */ = {
			isa = PBXGroup;
			children = (
				3A57C42B29B9BB0B00FA01DC /* navigation */,
				CE28CAB72343065C00444FCD /* model */,
				3A4282BA289D7F05001BFCCA /* RuntimeViewController.h */,
				3A4282BB289D7F05001BFCCA /* RuntimeViewController.m */,
				3A4282BC289D7F05001BFCCA /* RuntimeViewController.xib */,
				3AEF9D9E289EEFD200ACB99A /* MsgSendViewController.h */,
				3AEF9D9F289EEFD200ACB99A /* MsgSendViewController.m */,
				3AEF9DA0289EEFD200ACB99A /* MsgSendViewController.xib */,
				CE28CAAA2341C30000444FCD /* Assets.xcassets */,
				CE28CAAC2341C30000444FCD /* LaunchScreen.storyboard */,
				CE28CAAF2341C30000444FCD /* Info.plist */,
				CE28CAB02341C30000444FCD /* main.m */,
			);
			path = Runtime;
			sourceTree = "<group>";
		};
		CE28CAB72343065C00444FCD /* model */ = {
			isa = PBXGroup;
			children = (
				CE28CAB82343067600444FCD /* Person.h */,
				CE28CAB92343067600444FCD /* Person.m */,
				3A57C42829B9B18600FA01DC /* NewImp.h */,
				3A57C42929B9B18600FA01DC /* NewImp.m */,
			);
			path = model;
			sourceTree = "<group>";
		};
/* End PBXGroup section */

/* Begin PBXNativeTarget section */
		CE28CA9A2341C2FE00444FCD /* Runtime */ = {
			isa = PBXNativeTarget;
			buildConfigurationList = CE28CAB42341C30000444FCD /* Build configuration list for PBXNativeTarget "Runtime" */;
			buildPhases = (
				CE28CA972341C2FE00444FCD /* Sources */,
				CE28CA982341C2FE00444FCD /* Frameworks */,
				CE28CA992341C2FE00444FCD /* Resources */,
			);
			buildRules = (
			);
			dependencies = (
			);
			name = Runtime;
			productName = Runtime;
			productReference = CE28CA9B2341C2FE00444FCD /* Runtime.app */;
			productType = "com.apple.product-type.application";
		};
/* End PBXNativeTarget section */

/* Begin PBXProject section */
		CE28CA932341C2FE00444FCD /* Project object */ = {
			isa = PBXProject;
			attributes = {
				LastUpgradeCheck = 1420;
				ORGANIZATIONNAME = Dio;
				TargetAttributes = {
					CE28CA9A2341C2FE00444FCD = {
						CreatedOnToolsVersion = 11.0;
					};
				};
			};
			buildConfigurationList = CE28CA962341C2FE00444FCD /* Build configuration list for PBXProject "Runtime" */;
			compatibilityVersion = "Xcode 9.3";
			developmentRegion = en;
			hasScannedForEncodings = 0;
			knownRegions = (
				en,
				Base,
			);
			mainGroup = CE28CA922341C2FE00444FCD;
			productRefGroup = CE28CA9C2341C2FE00444FCD /* Products */;
			projectDirPath = "";
			projectRoot = "";
			targets = (
				CE28CA9A2341C2FE00444FCD /* Runtime */,
			);
		};
/* End PBXProject section */

/* Begin PBXResourcesBuildPhase section */
		CE28CA992341C2FE00444FCD /* Resources */ = {
			isa = PBXResourcesBuildPhase;
			buildActionMask = 2147483647;
			files = (
				CE28CAAE2341C30000444FCD /* LaunchScreen.storyboard in Resources */,
				3A4282BE289D7F05001BFCCA /* RuntimeViewController.xib in Resources */,
				3AEF9DA2289EEFD200ACB99A /* MsgSendViewController.xib in Resources */,
				CE28CAAB2341C30000444FCD /* Assets.xcassets in Resources */,
			);
			runOnlyForDeploymentPostprocessing = 0;
		};
/* End PBXResourcesBuildPhase section */

/* Begin PBXSourcesBuildPhase section */
		CE28CA972341C2FE00444FCD /* Sources */ = {
			isa = PBXSourcesBuildPhase;
			buildActionMask = 2147483647;
			files = (
				CE28CAA02341C2FE00444FCD /* AppDelegate.m in Sources */,
				CE28CABA2343067600444FCD /* Person.m in Sources */,
				3A4282BD289D7F05001BFCCA /* RuntimeViewController.m in Sources */,
				3A57C43129B9BB4600FA01DC /* MyNavgationController.m in Sources */,
				CE28CAB12341C30000444FCD /* main.m in Sources */,
				3AEF9DA1289EEFD200ACB99A /* MsgSendViewController.m in Sources */,
				3AEF9DA5289EF0AF00ACB99A /* MyTabBarController.m in Sources */,
				3A57C42A29B9B18600FA01DC /* NewImp.m in Sources */,
			);
			runOnlyForDeploymentPostprocessing = 0;
		};
/* End PBXSourcesBuildPhase section */

/* Begin PBXVariantGroup section */
		CE28CAAC2341C30000444FCD /* LaunchScreen.storyboard */ = {
			isa = PBXVariantGroup;
			children = (
				CE28CAAD2341C30000444FCD /* Base */,
			);
			name = LaunchScreen.storyboard;
			sourceTree = "<group>";
		};
/* End PBXVariantGroup section */

/* Begin XCBuildConfiguration section */
		CE28CAB22341C30000444FCD /* Debug */ = {
			isa = XCBuildConfiguration;
			buildSettings = {
				ALWAYS_SEARCH_USER_PATHS = NO;
				CLANG_ANALYZER_NONNULL = YES;
				CLANG_ANALYZER_NUMBER_OBJECT_CONVERSION = YES_AGGRESSIVE;
				CLANG_CXX_LANGUAGE_STANDARD = "gnu++14";
				CLANG_CXX_LIBRARY = "libc++";
				CLANG_ENABLE_MODULES = YES;
				CLANG_ENABLE_OBJC_ARC = YES;
				CLANG_ENABLE_OBJC_WEAK = YES;
				CLANG_WARN_BLOCK_CAPTURE_AUTORELEASING = YES;
				CLANG_WARN_BOOL_CONVERSION = YES;
				CLANG_WARN_COMMA = YES;
				CLANG_WARN_CONSTANT_CONVERSION = YES;
				CLANG_WARN_DEPRECATED_OBJC_IMPLEMENTATIONS = YES;
				CLANG_WARN_DIRECT_OBJC_ISA_USAGE = YES_ERROR;
				CLANG_WARN_DOCUMENTATION_COMMENTS = YES;
				CLANG_WARN_EMPTY_BODY = YES;
				CLANG_WARN_ENUM_CONVERSION = YES;
				CLANG_WARN_INFINITE_RECURSION = YES;
				CLANG_WARN_INT_CONVERSION = YES;
				CLANG_WARN_NON_LITERAL_NULL_CONVERSION = YES;
				CLANG_WARN_OBJC_IMPLICIT_RETAIN_SELF = YES;
				CLANG_WARN_OBJC_LITERAL_CONVERSION = YES;
				CLANG_WARN_OBJC_ROOT_CLASS = YES_ERROR;
				CLANG_WARN_QUOTED_INCLUDE_IN_FRAMEWORK_HEADER = YES;
				CLANG_WARN_RANGE_LOOP_ANALYSIS = YES;
				CLANG_WARN_STRICT_PROTOTYPES = YES;
				CLANG_WARN_SUSPICIOUS_MOVE = YES;
				CLANG_WARN_UNGUARDED_AVAILABILITY = YES_AGGRESSIVE;
				CLANG_WARN_UNREACHABLE_CODE = YES;
				CLANG_WARN__DUPLICATE_METHOD_MATCH = YES;
				COPY_PHASE_STRIP = NO;
				DEBUG_INFORMATION_FORMAT = dwarf;
				ENABLE_STRICT_OBJC_MSGSEND = YES;
				ENABLE_TESTABILITY = YES;
				GCC_C_LANGUAGE_STANDARD = gnu11;
				GCC_DYNAMIC_NO_PIC = NO;
				GCC_NO_COMMON_BLOCKS = YES;
				GCC_OPTIMIZATION_LEVEL = 0;
				GCC_PREPROCESSOR_DEFINITIONS = (
					"DEBUG=1",
					"$(inherited)",
				);
				GCC_WARN_64_TO_32_BIT_CONVERSION = YES;
				GCC_WARN_ABOUT_RETURN_TYPE = YES_ERROR;
				GCC_WARN_UNDECLARED_SELECTOR = YES;
				GCC_WARN_UNINITIALIZED_AUTOS = YES_AGGRESSIVE;
				GCC_WARN_UNUSED_FUNCTION = YES;
				GCC_WARN_UNUSED_VARIABLE = YES;
				IPHONEOS_DEPLOYMENT_TARGET = 12.0;
				MTL_ENABLE_DEBUG_INFO = INCLUDE_SOURCE;
				MTL_FAST_MATH = YES;
				ONLY_ACTIVE_ARCH = YES;
				SDKROOT = iphoneos;
			};
			name = Debug;
		};
		CE28CAB32341C30000444FCD /* Release */ = {
			isa = XCBuildConfiguration;
			buildSettings = {
				ALWAYS_SEARCH_USER_PATHS = NO;
				CLANG_ANALYZER_NONNULL = YES;
				CLANG_ANALYZER_NUMBER_OBJECT_CONVERSION = YES_AGGRESSIVE;
				CLANG_CXX_LANGUAGE_STANDARD = "gnu++14";
				CLANG_CXX_LIBRARY = "libc++";
				CLANG_ENABLE_MODULES = YES;
				CLANG_ENABLE_OBJC_ARC = YES;
				CLANG_ENABLE_OBJC_WEAK = YES;
				CLANG_WARN_BLOCK_CAPTURE_AUTORELEASING = YES;
				CLANG_WARN_BOOL_CONVERSION = YES;
				CLANG_WARN_COMMA = YES;
				CLANG_WARN_CONSTANT_CONVERSION = YES;
				CLANG_WARN_DEPRECATED_OBJC_IMPLEMENTATIONS = YES;
				CLANG_WARN_DIRECT_OBJC_ISA_USAGE = YES_ERROR;
				CLANG_WARN_DOCUMENTATION_COMMENTS = YES;
				CLANG_WARN_EMPTY_BODY = YES;
				CLANG_WARN_ENUM_CONVERSION = YES;
				CLANG_WARN_INFINITE_RECURSION = YES;
				CLANG_WARN_INT_CONVERSION = YES;
				CLANG_WARN_NON_LITERAL_NULL_CONVERSION = YES;
				CLANG_WARN_OBJC_IMPLICIT_RETAIN_SELF = YES;
				CLANG_WARN_OBJC_LITERAL_CONVERSION = YES;
				CLANG_WARN_OBJC_ROOT_CLASS = YES_ERROR;
				CLANG_WARN_QUOTED_INCLUDE_IN_FRAMEWORK_HEADER = YES;
				CLANG_WARN_RANGE_LOOP_ANALYSIS = YES;
				CLANG_WARN_STRICT_PROTOTYPES = YES;
				CLANG_WARN_SUSPICIOUS_MOVE = YES;
				CLANG_WARN_UNGUARDED_AVAILABILITY = YES_AGGRESSIVE;
				CLANG_WARN_UNREACHABLE_CODE = YES;
				CLANG_WARN__DUPLICATE_METHOD_MATCH = YES;
				COPY_PHASE_STRIP = NO;
				DEBUG_INFORMATION_FORMAT = "dwarf-with-dsym";
				ENABLE_NS_ASSERTIONS = NO;
				ENABLE_STRICT_OBJC_MSGSEND = YES;
				GCC_C_LANGUAGE_STANDARD = gnu11;
				GCC_NO_COMMON_BLOCKS = YES;
				GCC_WARN_64_TO_32_BIT_CONVERSION = YES;
				GCC_WARN_ABOUT_RETURN_TYPE = YES_ERROR;
				GCC_WARN_UNDECLARED_SELECTOR = YES;
				GCC_WARN_UNINITIALIZED_AUTOS = YES_AGGRESSIVE;
				GCC_WARN_UNUSED_FUNCTION = YES;
				GCC_WARN_UNUSED_VARIABLE = YES;
				IPHONEOS_DEPLOYMENT_TARGET = 12.0;
				MTL_ENABLE_DEBUG_INFO = NO;
				MTL_FAST_MATH = YES;
				SDKROOT = iphoneos;
				VALIDATE_PRODUCT = YES;
			};
			name = Release;
		};
		CE28CAB52341C30000444FCD /* Debug */ = {
			isa = XCBuildConfiguration;
			buildSettings = {
				ASSETCATALOG_COMPILER_APPICON_NAME = AppIcon;
				CODE_SIGN_STYLE = Automatic;
				COPY_HEADERS_RUN_UNIFDEF = YES;
				DEVELOPMENT_TEAM = 38D3676P2T;
				INFOPLIST_FILE = Runtime/Info.plist;
				LD_RUNPATH_SEARCH_PATHS = (
					"$(inherited)",
					"@executable_path/Frameworks",
				);
				PRODUCT_BUNDLE_IDENTIFIER = com.Dio.Runtime;
				PRODUCT_NAME = "$(TARGET_NAME)";
				TARGETED_DEVICE_FAMILY = 1;
			};
			name = Debug;
		};
		CE28CAB62341C30000444FCD /* Release */ = {
			isa = XCBuildConfiguration;
			buildSettings = {
				ASSETCATALOG_COMPILER_APPICON_NAME = AppIcon;
				CODE_SIGN_STYLE = Automatic;
				COPY_HEADERS_RUN_UNIFDEF = YES;
				DEVELOPMENT_TEAM = 38D3676P2T;
				INFOPLIST_FILE = Runtime/Info.plist;
				LD_RUNPATH_SEARCH_PATHS = (
					"$(inherited)",
					"@executable_path/Frameworks",
				);
				PRODUCT_BUNDLE_IDENTIFIER = com.Dio.Runtime;
				PRODUCT_NAME = "$(TARGET_NAME)";
				TARGETED_DEVICE_FAMILY = 1;
			};
			name = Release;
		};
/* End XCBuildConfiguration section */

/* Begin XCConfigurationList section */
		CE28CA962341C2FE00444FCD /* Build configuration list for PBXProject "Runtime" */ = {
			isa = XCConfigurationList;
			buildConfigurations = (
				CE28CAB22341C30000444FCD /* Debug */,
				CE28CAB32341C30000444FCD /* Release */,
			);
			defaultConfigurationIsVisible = 0;
			defaultConfigurationName = Release;
		};
		CE28CAB42341C30000444FCD /* Build configuration list for PBXNativeTarget "Runtime" */ = {
			isa = XCConfigurationList;
			buildConfigurations = (
				CE28CAB52341C30000444FCD /* Debug */,
				CE28CAB62341C30000444FCD /* Release */,
			);
			defaultConfigurationIsVisible = 0;
			defaultConfigurationName = Release;
		};
/* End XCConfigurationList section */
	};
	rootObject = CE28CA932341C2FE00444FCD /* Project object */;
}
